
Microsoft Visual Studio Solution File, Format Version 12.00
# Visual Studio Version 17
VisualStudioVersion = 17.2.32616.157
MinimumVisualStudioVersion = 10.0.40219.1
Project("{9A19103F-16F7-4668-BE54-9A1E7A4F7556}") = "HtmlBuilder", "BlazorApp1\HtmlBuilder.csproj", "{77F2A972-05C6-41E1-B8F1-0576B4ED62C9}"
EndProject
Global
	GlobalSection(SolutionConfigurationPlatforms) = preSolution
		Debug|Any CPU = Debug|Any CPU
		Release|Any CPU = Release|Any CPU
	EndGlobalSection
	GlobalSection(ProjectConfigurationPlatforms) = postSolution
		{77F2A972-05C6-41E1-B8F1-0576B4ED62C9}.Debug|Any CPU.ActiveCfg = Debug|Any CPU
		{77F2A972-05C6-41E1-B8F1-0576B4ED62C9}.Debug|Any CPU.Build.0 = Debug|Any CPU
		{77F2A972-05C6-41E1-B8F1-0576B4ED62C9}.Release|Any CPU.ActiveCfg = Release|Any CPU
		{77F2A972-05C6-41E1-B8F1-0576B4ED62C9}.Release|Any CPU.Build.0 = Release|Any CPU
	EndGlobalSection
	GlobalSection(SolutionProperties) = preSolution
		HideSolutionNode = FALSE
	EndGlobalSection
	GlobalSection(ExtensibilityGlobals) = postSolution
		SolutionGuid = {275516A7-9F1D-4B30-A9C6-357FD889ACAE}
	EndGlobalSection
EndGlobal
